// !$*UTF8*$!
{
	archiveVersion = 1;
	classes = {
	};
	objectVersion = 77;
	objects = {

/* Begin PBXContainerItemProxy section */
		8D657A752DAFC70900E60B89 /* PBXContainerItemProxy */ = {
			isa = PBXContainerItemProxy;
			containerPortal = 8D657A5B2DAFC70800E60B89 /* Project object */;
			proxyType = 1;
			remoteGlobalIDString = 8D657A622DAFC70800E60B89;
			remoteInfo = MyMacMusicPlayer;
		};
		8D657A7F2DAFC70900E60B89 /* PBXContainerItemProxy */ = {
			isa = PBXContainerItemProxy;
			containerPortal = 8D657A5B2DAFC70800E60B89 /* Project object */;
			proxyType = 1;
			remoteGlobalIDString = 8D657A622DAFC70800E60B89;
			remoteInfo = MyMacMusicPlayer;
		};
/* End PBXContainerItemProxy section */

/* Begin PBXFileReference section */
		8D657A632DAFC70800E60B89 /* MyMacMusicPlayer.app */ = {isa = PBXFileReference; explicitFileType = wrapper.application; includeInIndex = 0; path = MyMacMusicPlayer.app; sourceTree = BUILT_PRODUCTS_DIR; };
		8D657A742DAFC70900E60B89 /* MyMacMusicPlayerTests.xctest */ = {isa = PBXFileReference; explicitFileType = wrapper.cfbundle; includeInIndex = 0; path = MyMacMusicPlayerTests.xctest; sourceTree = BUILT_PRODUCTS_DIR; };
		8D657A7E2DAFC70900E60B89 /* MyMacMusicPlayerUITests.xctest */ = {isa = PBXFileReference; explicitFileType = wrapper.cfbundle; includeInIndex = 0; path = MyMacMusicPlayerUITests.xctest; sourceTree = BUILT_PRODUCTS_DIR; };
/* End PBXFileReference section */

/* Begin PBXFileSystemSynchronizedRootGroup section */
		8D657A652DAFC70800E60B89 /* MyMacMusicPlayer */ = {
			isa = PBXFileSystemSynchronizedRootGroup;
			path = MyMacMusicPlayer;
			sourceTree = "<group>";
		};
		8D657A772DAFC70900E60B89 /* MyMacMusicPlayerTests */ = {
			isa = PBXFileSystemSynchronizedRootGroup;
			path = MyMacMusicPlayerTests;
			sourceTree = "<group>";
		};
		8D657A812DAFC70900E60B89 /* MyMacMusicPlayerUITests */ = {
			isa = PBXFileSystemSynchronizedRootGroup;
			path = MyMacMusicPlayerUITests;
			sourceTree = "<group>";
		};
/* End PBXFileSystemSynchronizedRootGroup section */

/* Begin PBXFrameworksBuildPhase section */
		8D657A602DAFC70800E60B89 /* Frameworks */ = {
			isa = PBXFrameworksBuildPhase;
			buildActionMask = 2147483647;
			files = (
			);
			runOnlyForDeploymentPostprocessing = 0;
		};
		8D657A712DAFC70900E60B89 /* Frameworks */ = {
			isa = PBXFrameworksBuildPhase;
			buildActionMask = 2147483647;
			files = (
			);
			runOnlyForDeploymentPostprocessing = 0;
		};
		8D657A7B2DAFC70900E60B89 /* Frameworks */ = {
			isa = PBXFrameworksBuildPhase;
			buildActionMask = 2147483647;
			files = (
			);
			runOnlyForDeploymentPostprocessing = 0;
		};
/* End PBXFrameworksBuildPhase section */

/* Begin PBXGroup section */
		8D657A5A2DAFC70800E60B89 = {
			isa = PBXGroup;
			children = (
				8D657A652DAFC70800E60B89 /* MyMacMusicPlayer */,
				8D657A772DAFC70900E60B89 /* MyMacMusicPlayerTests */,
				8D657A812DAFC70900E60B89 /* MyMacMusicPlayerUITests */,
				8D657A642DAFC70800E60B89 /* Products */,
			);
			sourceTree = "<group>";
		};
		8D657A642DAFC70800E60B89 /* Products */ = {
			isa = PBXGroup;
			children = (
				8D657A632DAFC70800E60B89 /* MyMacMusicPlayer.app */,
				8D657A742DAFC70900E60B89 /* MyMacMusicPlayerTests.xctest */,
				8D657A7E2DAFC70900E60B89 /* MyMacMusicPlayerUITests.xctest */,
			);
			name = Products;
			sourceTree = "<group>";
		};
/* End PBXGroup section */

/* Begin PBXNativeTarget section */
		8D657A622DAFC70800E60B89 /* MyMacMusicPlayer */ = {
			isa = PBXNativeTarget;
			buildConfigurationList = 8D657A882DAFC70900E60B89 /* Build configuration list for PBXNativeTarget "MyMacMusicPlayer" */;
			buildPhases = (
				8D657A5F2DAFC70800E60B89 /* Sources */,
				8D657A602DAFC70800E60B89 /* Frameworks */,
				8D657A612DAFC70800E60B89 /* Resources */,
			);
			buildRules = (
			);
			dependencies = (
			);
			fileSystemSynchronizedGroups = (
				8D657A652DAFC70800E60B89 /* MyMacMusicPlayer */,
			);
			name = MyMacMusicPlayer;
			packageProductDependencies = (
			);
			productName = MyMacMusicPlayer;
			productReference = 8D657A632DAFC70800E60B89 /* MyMacMusicPlayer.app */;
			productType = "com.apple.product-type.application";
		};
		8D657A732DAFC70900E60B89 /* MyMacMusicPlayerTests */ = {
			isa = PBXNativeTarget;
			buildConfigurationList = 8D657A8B2DAFC70900E60B89 /* Build configuration list for PBXNativeTarget "MyMacMusicPlayerTests" */;
			buildPhases = (
				8D657A702DAFC70900E60B89 /* Sources */,
				8D657A712DAFC70900E60B89 /* Frameworks */,
				8D657A722DAFC70900E60B89 /* Resources */,
			);
			buildRules = (
			);
			dependencies = (
				8D657A762DAFC70900E60B89 /* PBXTargetDependency */,
			);
			fileSystemSynchronizedGroups = (
				8D657A772DAFC70900E60B89 /* MyMacMusicPlayerTests */,
			);
			name = MyMacMusicPlayerTests;
			packageProductDependencies = (
			);
			productName = MyMacMusicPlayerTests;
			productReference = 8D657A742DAFC70900E60B89 /* MyMacMusicPlayerTests.xctest */;
			productType = "com.apple.product-type.bundle.unit-test";
		};
		8D657A7D2DAFC70900E60B89 /* MyMacMusicPlayerUITests */ = {
			isa = PBXNativeTarget;
			buildConfigurationList = 8D657A8E2DAFC70900E60B89 /* Build configuration list for PBXNativeTarget "MyMacMusicPlayerUITests" */;
			buildPhases = (
				8D657A7A2DAFC70900E60B89 /* Sources */,
				8D657A7B2DAFC70900E60B89 /* Frameworks */,
				8D657A7C2DAFC70900E60B89 /* Resources */,
			);
			buildRules = (
			);
			dependencies = (
				8D657A802DAFC70900E60B89 /* PBXTargetDependency */,
			);
			fileSystemSynchronizedGroups = (
				8D657A812DAFC70900E60B89 /* MyMacMusicPlayerUITests */,
			);
			name = MyMacMusicPlayerUITests;
			packageProductDependencies = (
			);
			productName = MyMacMusicPlayerUITests;
			productReference = 8D657A7E2DAFC70900E60B89 /* MyMacMusicPlayerUITests.xctest */;
			productType = "com.apple.product-type.bundle.ui-testing";
		};
/* End PBXNativeTarget section */

/* Begin PBXProject section */
		8D657A5B2DAFC70800E60B89 /* Project object */ = {
			isa = PBXProject;
			attributes = {
				BuildIndependentTargetsInParallel = 1;
				LastSwiftUpdateCheck = 1620;
				LastUpgradeCheck = 1620;
				TargetAttributes = {
					8D657A622DAFC70800E60B89 = {
						CreatedOnToolsVersion = 16.2;
					};
					8D657A732DAFC70900E60B89 = {
						CreatedOnToolsVersion = 16.2;
						TestTargetID = 8D657A622DAFC70800E60B89;
					};
					8D657A7D2DAFC70900E60B89 = {
						CreatedOnToolsVersion = 16.2;
						TestTargetID = 8D657A622DAFC70800E60B89;
					};
				};
			};
			buildConfigurationList = 8D657A5E2DAFC70800E60B89 /* Build configuration list for PBXProject "MyMacMusicPlayer" */;
			developmentRegion = en;
			hasScannedForEncodings = 0;
			knownRegions = (
				en,
				Base,
			);
			mainGroup = 8D657A5A2DAFC70800E60B89;
			minimizedProjectReferenceProxies = 1;
			preferredProjectObjectVersion = 77;
			productRefGroup = 8D657A642DAFC70800E60B89 /* Products */;
			projectDirPath = "";
			projectRoot = "";
			targets = (
				8D657A622DAFC70800E60B89 /* MyMacMusicPlayer */,
				8D657A732DAFC70900E60B89 /* MyMacMusicPlayerTests */,
				8D657A7D2DAFC70900E60B89 /* MyMacMusicPlayerUITests */,
			);
		};
/* End PBXProject section */

/* Begin PBXResourcesBuildPhase section */
		8D657A612DAFC70800E60B89 /* Resources */ = {
			isa = PBXResourcesBuildPhase;
			buildActionMask = 2147483647;
			files = (
			);
			runOnlyForDeploymentPostprocessing = 0;
		};
		8D657A722DAFC70900E60B89 /* Resources */ = {
			isa = PBXResourcesBuildPhase;
			buildActionMask = 2147483647;
			files = (
			);
			runOnlyForDeploymentPostprocessing = 0;
		};
		8D657A7C2DAFC70900E60B89 /* Resources */ = {
			isa = PBXResourcesBuildPhase;
			buildActionMask = 2147483647;
			files = (
			);
			runOnlyForDeploymentPostprocessing = 0;
		};
/* End PBXResourcesBuildPhase section */

/* Begin PBXSourcesBuildPhase section */
		8D657A5F2DAFC70800E60B89 /* Sources */ = {
			isa = PBXSourcesBuildPhase;
			buildActionMask = 2147483647;
			files = (
			);
			runOnlyForDeploymentPostprocessing = 0;
		};
		8D657A702DAFC70900E60B89 /* Sources */ = {
			isa = PBXSourcesBuildPhase;
			buildActionMask = 2147483647;
			files = (
			);
			runOnlyForDeploymentPostprocessing = 0;
		};
		8D657A7A2DAFC70900E60B89 /* Sources */ = {
			isa = PBXSourcesBuildPhase;
			buildActionMask = 2147483647;
			files = (
			);
			runOnlyForDeploymentPostprocessing = 0;
		};
/* End PBXSourcesBuildPhase section */

/* Begin PBXTargetDependency section */
		8D657A762DAFC70900E60B89 /* PBXTargetDependency */ = {
			isa = PBXTargetDependency;
			target = 8D657A622DAFC70800E60B89 /* MyMacMusicPlayer */;
			targetProxy = 8D657A752DAFC70900E60B89 /* PBXContainerItemProxy */;
		};
		8D657A802DAFC70900E60B89 /* PBXTargetDependency */ = {
			isa = PBXTargetDependency;
			target = 8D657A622DAFC70800E60B89 /* MyMacMusicPlayer */;
			targetProxy = 8D657A7F2DAFC70900E60B89 /* PBXContainerItemProxy */;
		};
/* End PBXTargetDependency section */

/* Begin XCBuildConfiguration section */
		8D657A862DAFC70900E60B89 /* Debug */ = {
			isa = XCBuildConfiguration;
			buildSettings = {
				ALWAYS_SEARCH_USER_PATHS = NO;
				ASSETCATALOG_COMPILER_GENERATE_SWIFT_ASSET_SYMBOL_EXTENSIONS = YES;
				CLANG_ANALYZER_NONNULL = YES;
				CLANG_ANALYZER_NUMBER_OBJECT_CONVERSION = YES_AGGRESSIVE;
				CLANG_CXX_LANGUAGE_STANDARD = "gnu++20";
				CLANG_ENABLE_MODULES = YES;
				CLANG_ENABLE_OBJC_ARC = YES;
				CLANG_ENABLE_OBJC_WEAK = YES;
				CLANG_WARN_BLOCK_CAPTURE_AUTORELEASING = YES;
				CLANG_WARN_BOOL_CONVERSION = YES;
				CLANG_WARN_COMMA = YES;
				CLANG_WARN_CONSTANT_CONVERSION = YES;
				CLANG_WARN_DEPRECATED_OBJC_IMPLEMENTATIONS = YES;
				CLANG_WARN_DIRECT_OBJC_ISA_USAGE = YES_ERROR;
				CLANG_WARN_DOCUMENTATION_COMMENTS = YES;
				CLANG_WARN_EMPTY_BODY = YES;
				CLANG_WARN_ENUM_CONVERSION = YES;
				CLANG_WARN_INFINITE_RECURSION = YES;
				CLANG_WARN_INT_CONVERSION = YES;
				CLANG_WARN_NON_LITERAL_NULL_CONVERSION = YES;
				CLANG_WARN_OBJC_IMPLICIT_RETAIN_SELF = YES;
				CLANG_WARN_OBJC_LITERAL_CONVERSION = YES;
				CLANG_WARN_OBJC_ROOT_CLASS = YES_ERROR;
				CLANG_WARN_QUOTED_INCLUDE_IN_FRAMEWORK_HEADER = YES;
				CLANG_WARN_RANGE_LOOP_ANALYSIS = YES;
				CLANG_WARN_STRICT_PROTOTYPES = YES;
				CLANG_WARN_SUSPICIOUS_MOVE = YES;
				CLANG_WARN_UNGUARDED_AVAILABILITY = YES_AGGRESSIVE;
				CLANG_WARN_UNREACHABLE_CODE = YES;
				CLANG_WARN__DUPLICATE_METHOD_MATCH = YES;
				COPY_PHASE_STRIP = NO;
				DEBUG_INFORMATION_FORMAT = dwarf;
				ENABLE_STRICT_OBJC_MSGSEND = YES;
				ENABLE_TESTABILITY = YES;
				ENABLE_USER_SCRIPT_SANDBOXING = YES;
				GCC_C_LANGUAGE_STANDARD = gnu17;
				GCC_DYNAMIC_NO_PIC = NO;
				GCC_NO_COMMON_BLOCKS = YES;
				GCC_OPTIMIZATION_LEVEL = 0;
				GCC_PREPROCESSOR_DEFINITIONS = (
					"DEBUG=1",
					"$(inherited)",
				);
				GCC_WARN_64_TO_32_BIT_CONVERSION = YES;
				GCC_WARN_ABOUT_RETURN_TYPE = YES_ERROR;
				GCC_WARN_UNDECLARED_SELECTOR = YES;
				GCC_WARN_UNINITIALIZED_AUTOS = YES_AGGRESSIVE;
				GCC_WARN_UNUSED_FUNCTION = YES;
				GCC_WARN_UNUSED_VARIABLE = YES;
				LOCALIZATION_PREFERS_STRING_CATALOGS = YES;
				MACOSX_DEPLOYMENT_TARGET = 15.2;
				MTL_ENABLE_DEBUG_INFO = INCLUDE_SOURCE;
				MTL_FAST_MATH = YES;
				ONLY_ACTIVE_ARCH = YES;
				SDKROOT = macosx;
				SWIFT_ACTIVE_COMPILATION_CONDITIONS = "DEBUG $(inherited)";
				SWIFT_OPTIMIZATION_LEVEL = "-Onone";
			};
			name = Debug;
		};
		8D657A872DAFC70900E60B89 /* Release */ = {
			isa = XCBuildConfiguration;
			buildSettings = {
				ALWAYS_SEARCH_USER_PATHS = NO;
				ASSETCATALOG_COMPILER_GENERATE_SWIFT_ASSET_SYMBOL_EXTENSIONS = YES;
				CLANG_ANALYZER_NONNULL = YES;
				CLANG_ANALYZER_NUMBER_OBJECT_CONVERSION = YES_AGGRESSIVE;
				CLANG_CXX_LANGUAGE_STANDARD = "gnu++20";
				CLANG_ENABLE_MODULES = YES;
				CLANG_ENABLE_OBJC_ARC = YES;
				CLANG_ENABLE_OBJC_WEAK = YES;
				CLANG_WARN_BLOCK_CAPTURE_AUTORELEASING = YES;
				CLANG_WARN_BOOL_CONVERSION = YES;
				CLANG_WARN_COMMA = YES;
				CLANG_WARN_CONSTANT_CONVERSION = YES;
				CLANG_WARN_DEPRECATED_OBJC_IMPLEMENTATIONS = YES;
				CLANG_WARN_DIRECT_OBJC_ISA_USAGE = YES_ERROR;
				CLANG_WARN_DOCUMENTATION_COMMENTS = YES;
				CLANG_WARN_EMPTY_BODY = YES;
				CLANG_WARN_ENUM_CONVERSION = YES;
				CLANG_WARN_INFINITE_RECURSION = YES;
				CLANG_WARN_INT_CONVERSION = YES;
				CLANG_WARN_NON_LITERAL_NULL_CONVERSION = YES;
				CLANG_WARN_OBJC_IMPLICIT_RETAIN_SELF = YES;
				CLANG_WARN_OBJC_LITERAL_CONVERSION = YES;
				CLANG_WARN_OBJC_ROOT_CLASS = YES_ERROR;
				CLANG_WARN_QUOTED_INCLUDE_IN_FRAMEWORK_HEADER = YES;
				CLANG_WARN_RANGE_LOOP_ANALYSIS = YES;
				CLANG_WARN_STRICT_PROTOTYPES = YES;
				CLANG_WARN_SUSPICIOUS_MOVE = YES;
				CLANG_WARN_UNGUARDED_AVAILABILITY = YES_AGGRESSIVE;
				CLANG_WARN_UNREACHABLE_CODE = YES;
				CLANG_WARN__DUPLICATE_METHOD_MATCH = YES;
				COPY_PHASE_STRIP = NO;
				DEBUG_INFORMATION_FORMAT = "dwarf-with-dsym";
				ENABLE_NS_ASSERTIONS = NO;
				ENABLE_STRICT_OBJC_MSGSEND = YES;
				ENABLE_USER_SCRIPT_SANDBOXING = YES;
				GCC_C_LANGUAGE_STANDARD = gnu17;
				GCC_NO_COMMON_BLOCKS = YES;
				GCC_WARN_64_TO_32_BIT_CONVERSION = YES;
				GCC_WARN_ABOUT_RETURN_TYPE = YES_ERROR;
				GCC_WARN_UNDECLARED_SELECTOR = YES;
				GCC_WARN_UNINITIALIZED_AUTOS = YES_AGGRESSIVE;
				GCC_WARN_UNUSED_FUNCTION = YES;
				GCC_WARN_UNUSED_VARIABLE = YES;
				LOCALIZATION_PREFERS_STRING_CATALOGS = YES;
				MACOSX_DEPLOYMENT_TARGET = 15.2;
				MTL_ENABLE_DEBUG_INFO = NO;
				MTL_FAST_MATH = YES;
				SDKROOT = macosx;
				SWIFT_COMPILATION_MODE = wholemodule;
			};
			name = Release;
		};
		8D657A892DAFC70900E60B89 /* Debug */ = {
			isa = XCBuildConfiguration;
			buildSettings = {
				ASSETCATALOG_COMPILER_APPICON_NAME = AppIcon;
				ASSETCATALOG_COMPILER_GLOBAL_ACCENT_COLOR_NAME = AccentColor;
				CODE_SIGN_ENTITLEMENTS = MyMacMusicPlayer/MyMacMusicPlayer.entitlements;
				CODE_SIGN_STYLE = Automatic;
				COMBINE_HIDPI_IMAGES = YES;
				CURRENT_PROJECT_VERSION = 1;
				DEVELOPMENT_ASSET_PATHS = "\"MyMacMusicPlayer/Preview Content\"";
				ENABLE_PREVIEWS = YES;
				GENERATE_INFOPLIST_FILE = YES;
				INFOPLIST_KEY_NSHumanReadableCopyright = "";
				LD_RUNPATH_SEARCH_PATHS = (
					"$(inherited)",
					"@executable_path/../Frameworks",
				);
				MARKETING_VERSION = 1.0;
				PRODUCT_BUNDLE_IDENTIFIER = com.ios.project.MyMacMusicPlayer;
				PRODUCT_NAME = "$(TARGET_NAME)";
				SWIFT_EMIT_LOC_STRINGS = YES;
				SWIFT_VERSION = 5.0;
			};
			name = Debug;
		};
		8D657A8A2DAFC70900E60B89 /* Release */ = {
			isa = XCBuildConfiguration;
			buildSettings = {
				ASSETCATALOG_COMPILER_APPICON_NAME = AppIcon;
				ASSETCATALOG_COMPILER_GLOBAL_ACCENT_COLOR_NAME = AccentColor;
				CODE_SIGN_ENTITLEMENTS = MyMacMusicPlayer/MyMacMusicPlayer.entitlements;
				CODE_SIGN_STYLE = Automatic;
				COMBINE_HIDPI_IMAGES = YES;
				CURRENT_PROJECT_VERSION = 1;
				DEVELOPMENT_ASSET_PATHS = "\"MyMacMusicPlayer/Preview Content\"";
				ENABLE_PREVIEWS = YES;
				GENERATE_INFOPLIST_FILE = YES;
				INFOPLIST_KEY_NSHumanReadableCopyright = "";
				LD_RUNPATH_SEARCH_PATHS = (
					"$(inherited)",
					"@executable_path/../Frameworks",
				);
				MARKETING_VERSION = 1.0;
				PRODUCT_BUNDLE_IDENTIFIER = com.ios.project.MyMacMusicPlayer;
				PRODUCT_NAME = "$(TARGET_NAME)";
				SWIFT_EMIT_LOC_STRINGS = YES;
				SWIFT_VERSION = 5.0;
			};
			name = Release;
		};
		8D657A8C2DAFC70900E60B89 /* Debug */ = {
			isa = XCBuildConfiguration;
			buildSettings = {
				BUNDLE_LOADER = "$(TEST_HOST)";
				CODE_SIGN_STYLE = Automatic;
				CURRENT_PROJECT_VERSION = 1;
				GENERATE_INFOPLIST_FILE = YES;
				MACOSX_DEPLOYMENT_TARGET = 15.2;
				MARKETING_VERSION = 1.0;
				PRODUCT_BUNDLE_IDENTIFIER = com.ios.project.MyMacMusicPlayerTests;
				PRODUCT_NAME = "$(TARGET_NAME)";
				SWIFT_EMIT_LOC_STRINGS = NO;
				SWIFT_VERSION = 5.0;
				TEST_HOST = "$(BUILT_PRODUCTS_DIR)/MyMacMusicPlayer.app/$(BUNDLE_EXECUTABLE_FOLDER_PATH)/MyMacMusicPlayer";
			};
			name = Debug;
		};
		8D657A8D2DAFC70900E60B89 /* Release */ = {
			isa = XCBuildConfiguration;
			buildSettings = {
				BUNDLE_LOADER = "$(TEST_HOST)";
				CODE_SIGN_STYLE = Automatic;
				CURRENT_PROJECT_VERSION = 1;
				GENERATE_INFOPLIST_FILE = YES;
				MACOSX_DEPLOYMENT_TARGET = 15.2;
				MARKETING_VERSION = 1.0;
				PRODUCT_BUNDLE_IDENTIFIER = com.ios.project.MyMacMusicPlayerTests;
				PRODUCT_NAME = "$(TARGET_NAME)";
				SWIFT_EMIT_LOC_STRINGS = NO;
				SWIFT_VERSION = 5.0;
				TEST_HOST = "$(BUILT_PRODUCTS_DIR)/MyMacMusicPlayer.app/$(BUNDLE_EXECUTABLE_FOLDER_PATH)/MyMacMusicPlayer";
			};
			name = Release;
		};
		8D657A8F2DAFC70900E60B89 /* Debug */ = {
			isa = XCBuildConfiguration;
			buildSettings = {
				CODE_SIGN_STYLE = Automatic;
				CURRENT_PROJECT_VERSION = 1;
				GENERATE_INFOPLIST_FILE = YES;
				MARKETING_VERSION = 1.0;
				PRODUCT_BUNDLE_IDENTIFIER = com.ios.project.MyMacMusicPlayerUITests;
				PRODUCT_NAME = "$(TARGET_NAME)";
				SWIFT_EMIT_LOC_STRINGS = NO;
				SWIFT_VERSION = 5.0;
				TEST_TARGET_NAME = MyMacMusicPlayer;
			};
			name = Debug;
		};
		8D657A902DAFC70900E60B89 /* Release */ = {
			isa = XCBuildConfiguration;
			buildSettings = {
				CODE_SIGN_STYLE = Automatic;
				CURRENT_PROJECT_VERSION = 1;
				GENERATE_INFOPLIST_FILE = YES;
				MARKETING_VERSION = 1.0;
				PRODUCT_BUNDLE_IDENTIFIER = com.ios.project.MyMacMusicPlayerUITests;
				PRODUCT_NAME = "$(TARGET_NAME)";
				SWIFT_EMIT_LOC_STRINGS = NO;
				SWIFT_VERSION = 5.0;
				TEST_TARGET_NAME = MyMacMusicPlayer;
			};
			name = Release;
		};
/* End XCBuildConfiguration section */

/* Begin XCConfigurationList section */
		8D657A5E2DAFC70800E60B89 /* Build configuration list for PBXProject "MyMacMusicPlayer" */ = {
			isa = XCConfigurationList;
			buildConfigurations = (
				8D657A862DAFC70900E60B89 /* Debug */,
				8D657A872DAFC70900E60B89 /* Release */,
			);
			defaultConfigurationIsVisible = 0;
			defaultConfigurationName = Release;
		};
		8D657A882DAFC70900E60B89 /* Build configuration list for PBXNativeTarget "MyMacMusicPlayer" */ = {
			isa = XCConfigurationList;
			buildConfigurations = (
				8D657A892DAFC70900E60B89 /* Debug */,
				8D657A8A2DAFC70900E60B89 /* Release */,
			);
			defaultConfigurationIsVisible = 0;
			defaultConfigurationName = Release;
		};
		8D657A8B2DAFC70900E60B89 /* Build configuration list for PBXNativeTarget "MyMacMusicPlayerTests" */ = {
			isa = XCConfigurationList;
			buildConfigurations = (
				8D657A8C2DAFC70900E60B89 /* Debug */,
				8D657A8D2DAFC70900E60B89 /* Release */,
			);
			defaultConfigurationIsVisible = 0;
			defaultConfigurationName = Release;
		};
		8D657A8E2DAFC70900E60B89 /* Build configuration list for PBXNativeTarget "MyMacMusicPlayerUITests" */ = {
			isa = XCConfigurationList;
			buildConfigurations = (
				8D657A8F2DAFC70900E60B89 /* Debug */,
				8D657A902DAFC70900E60B89 /* Release */,
			);
			defaultConfigurationIsVisible = 0;
			defaultConfigurationName = Release;
		};
/* End XCConfigurationList section */
	};
	rootObject = 8D657A5B2DAFC70800E60B89 /* Project object */;
}
